# The promises external-harness.yaml made at the version below, one per line:
# "<entry id> <key> [<member>]" and a digest of what is promised there.
#
# //test/harnesscontract:harnesscontract_test compares this file with the
# contract. A line that is gone from the contract, or whose digest no longer
# matches, is a promise broken: the test fails until the contract's version is
# bumped, and then prints this whole file for the new version. A promise the
# contract gains needs no bump: the test prints the line to add here.
#
# So a line is added to this file whenever the contract gains a promise, and a
# line leaves it or changes only in the change that bumps the version. Never
# edit a digest or delete a line by hand to make the test pass: that is the
# bump the test asked for, skipped, and on a pull request
# scripts/check-harness-contract-bump.sh compares this file with the one at the
# base and fails all the same. README.md, "The rule".
version: 2
promises:
  "agent.identity_cluster_unpinned component": "50cd9bfba937d729"
  "agent.identity_cluster_unpinned labels": "24ef360621b205d9"
  "agent.identity_cluster_unpinned otel_name": "41eeecb790931206"
  "agent.identity_cluster_unpinned stored_name": "648529e1ed86f803"
  "agent.identity_cluster_unpinned type": "044c6b3dc47f0d32"
  "agent.snapshot_tls_clusters component": "660a7f576fdf74dd"
  "agent.snapshot_tls_clusters labels": "b73a583795aff1d1"
  "agent.snapshot_tls_clusters otel_name": "65a436fb99a225e6"
  "agent.snapshot_tls_clusters stored_name": "98c45663fe94b11a"
  "agent.snapshot_tls_clusters type": "34a5f66bec7a37b8"
  "agent.unpinned_reason_classes classes": "ee150b0a23894777"
  "agent.unpinned_reason_classes label": "f4b180dd257843e4"
  "agent.unpinned_reason_classes metric": "d24e2c02190584c7"
  "agent.xds_acked_tls_clusters component": "075492f315910ec4"
  "agent.xds_acked_tls_clusters labels": "45f8d16b94c3471d"
  "agent.xds_acked_tls_clusters otel_name": "248c6618aeaaa77d"
  "agent.xds_acked_tls_clusters stored_name": "39d98fb5b5869c1a"
  "agent.xds_acked_tls_clusters type": "44d35b854e7f22b1"
  "agent.xds_acked_tls_clusters_unknown component": "d1b6dac9e5380069"
  "agent.xds_acked_tls_clusters_unknown otel_name": "18d759424d3cd2e0"
  "agent.xds_acked_tls_clusters_unknown stored_name": "322a76053eace096"
  "agent.xds_acked_tls_clusters_unknown type": "c6adf81c073567c2"
  "chart.aether chart": "6d6845055ac3b5d3"
  "chart.aether namespace": "528321e5d4bf8637"
  "chart.aether release": "ffc5c022902d9fed"
  "chart.aether set": "7497d00356bff535"
  "chart.aether.agent containers agent": "37c7a94344810114"
  "chart.aether.agent containers agent args --mesh-domain": "5ba62cf21cb4db26"
  "chart.aether.agent containers agent resource_attributes k8s.node.name": "bc5117c4563e6b3b"
  "chart.aether.agent kind": "60133a5327e7228d"
  "chart.aether.agent name": "4442c6b74417ec93"
  "chart.aether.agent namespace": "f2e750b02d9261bf"
  "chart.aether.agent pod_labels app.kubernetes.io/component": "6120edcc7eee693d"
  "chart.aether.agent pod_labels app.kubernetes.io/name": "e277c453bbd3cebe"
  "chart.aether.agent render": "3645bd708651bae3"
  "chart.aether.agent rolling_update": "172e48560dd86cd3"
  "chart.aether.agent_surge chart": "75171f8c644f2618"
  "chart.aether.agent_surge namespace": "ca00632f132a8dcd"
  "chart.aether.agent_surge release": "19deff6a407e7f02"
  "chart.aether.agent_surge set": "cd9c1099b343809f"
  "chart.aether.agent_surge.agent kind": "285acd38ca7496c2"
  "chart.aether.agent_surge.agent name": "7bed3cccdae2ec2d"
  "chart.aether.agent_surge.agent namespace": "f6adfc57063a777e"
  "chart.aether.agent_surge.agent render": "1d499520d83d0490"
  "chart.aether.agent_surge.agent rolling_update": "c5765e725bc3538c"
  "chart.aether.csidriver kind": "e60bb0cc77ff8d3f"
  "chart.aether.csidriver name": "f6cb1acbf61e33df"
  "chart.aether.csidriver render": "a16ef49523a5f5e0"
  "chart.aether.edge kind": "d617506c1c52160b"
  "chart.aether.edge name": "61c2eaddde254faf"
  "chart.aether.edge namespace": "87d194b7cddd3d50"
  "chart.aether.edge pod_labels app.kubernetes.io/component": "1747443d6e692aa5"
  "chart.aether.edge pod_labels app.kubernetes.io/name": "8f24412bba89a1ae"
  "chart.aether.edge render": "86a82c2e92da9f2f"
  "chart.aether.mesh_dns containers mesh-dns": "2abbd7cba1ccafd6"
  "chart.aether.mesh_dns containers mesh-dns args --mesh-domain": "cc925d8f42bda760"
  "chart.aether.mesh_dns kind": "426fcab6ad4ac3b9"
  "chart.aether.mesh_dns name": "89b929c6c719c4f7"
  "chart.aether.mesh_dns namespace": "75a4bae5da285572"
  "chart.aether.mesh_dns pod_labels app.kubernetes.io/component": "11fe7769c53779a8"
  "chart.aether.mesh_dns pod_labels app.kubernetes.io/name": "ff68fd1cd39f8248"
  "chart.aether.mesh_dns render": "1bd6aca7d20880b3"
  "chart.aether.mesh_dns rolling_update": "14c3f43b0d912466"
  "chart.aether.pod_webhooks kind": "437f0de1558c8e60"
  "chart.aether.pod_webhooks render": "3b0f12a8c08afd51"
  "chart.aether.pod_webhooks webhooks namespace-inject.pods.aether.io": "99f25ea64523db0a"
  "chart.aether.pod_webhooks webhooks ndots.pods.aether.io": "ae0838bdaf0f24a9"
  "chart.aether.proxy containers proxy": "cd358f8e0dd4401b"
  "chart.aether.proxy kind": "3a27f3541d3a38ae"
  "chart.aether.proxy name": "a81953f000907d56"
  "chart.aether.proxy namespace": "b1b95f8597e32022"
  "chart.aether.proxy pod_labels app.kubernetes.io/component": "b0bf21cd0fb3bd09"
  "chart.aether.proxy pod_labels app.kubernetes.io/name": "a8426520507c9915"
  "chart.aether.proxy render": "83c05f2518f7b12e"
  "chart.aether.proxy rolling_update": "003556a3c25c4785"
  "chart.aether.uds_csi containers uds-csi": "fe5493fb75a005ac"
  "chart.aether.uds_csi host_paths <arg:--kubelet-root>/plugins/csi.aether.io": "81a6ef29c1bbcf2a"
  "chart.aether.uds_csi kind": "cac4a9760d0d709b"
  "chart.aether.uds_csi name": "55a972c37259cdfa"
  "chart.aether.uds_csi namespace": "199251693173158e"
  "chart.aether.uds_csi pod_labels app.kubernetes.io/component": "a9cf9b1eeed50afb"
  "chart.aether.uds_csi pod_labels app.kubernetes.io/name": "9e853e6afb766ec4"
  "chart.aether.uds_csi render": "89b385c70451eb32"
  "chart.aether.uds_csi rolling_update": "ade2a29bc472f51b"
  "chart.prober chart": "bc86592c1c4c571d"
  "chart.prober namespace": "8968f2827f0994ea"
  "chart.prober release": "b0b40b236cf3a7d5"
  "chart.prober set": "20ce461e75806c1c"
  "chart.prober.daemonset containers prober": "965599c53e629f34"
  "chart.prober.daemonset containers prober args --egress": "d367757fa433b643"
  "chart.prober.daemonset containers prober args --mesh-domain": "1cb6048bacd5e26f"
  "chart.prober.daemonset containers prober code_resource_attributes service.name": "8614e100b3d9e0d1"
  "chart.prober.daemonset containers prober env_contains OTEL_RESOURCE_ATTRIBUTES k8s.pod.name=": "26d89263b14c9dcf"
  "chart.prober.daemonset containers prober resource_attributes k8s.node.name": "b55400881e98d12d"
  "chart.prober.daemonset kind": "d9d2665336cb53fa"
  "chart.prober.daemonset name": "3ed2d641554ed54c"
  "chart.prober.daemonset namespace": "13cc259d4893c62b"
  "chart.prober.daemonset render": "3bd7330cfe385f38"
  "chart.udsecho chart": "0c3a65574a6f8524"
  "chart.udsecho namespace": "2a84d5da6ff06a8c"
  "chart.udsecho release": "edd0e81d71e710f2"
  "chart.udsecho set": "0738e9c013b442dd"
  "chart.udsecho.annotation_path kind": "f80525fe0c8ab526"
  "chart.udsecho.annotation_path name": "64c52d0516ba0bcb"
  "chart.udsecho.annotation_path namespace": "e123236218ffed98"
  "chart.udsecho.annotation_path pod_labels app": "2638398d25830886"
  "chart.udsecho.annotation_path render": "8b232b3d7a49e331"
  "chart.udsecho.policy_path kind": "6479ddb081cc27bf"
  "chart.udsecho.policy_path name": "169ae381dae092dc"
  "chart.udsecho.policy_path namespace": "9c2a34a7d80c0bb6"
  "chart.udsecho.policy_path pod_labels app": "833202de4edb7693"
  "chart.udsecho.policy_path render": "b3d6bd0515da4032"
  "csi.driver value": "3df1e7e9b993e0c9"
  "envoy.capture.anyport_downstream_cx stat": "f0705276312cf80a"
  "envoy.capture.anyport_downstream_cx stat_prefix": "94df627845463d74"
  "envoy.capture.anyport_downstream_cx stored_name_pattern": "7c0956407acd3fe4"
  "mesh.default_domain value": "8697dd09087fbc70"
  "pod.annotation.capture_exclude_outbound_ports value": "fa0eb1106411784c"
  "pod.annotation.endpoint_port value": "80624fc03b0f06bc"
  "pod.annotation.endpoint_ports value": "94364656566591a7"
  "pod.annotation.endpoint_protocol value": "0eebd6eec07c850c"
  "pod.annotation.endpoint_uds_socket value": "c0e390bbc126755c"
  "pod.annotation.upstreams value": "56cf94fb939a568f"
  "pod.label.managed value": "54fa2791ca6c20f2"
  "port.outbound_http value": "797ee735c1c7a1ad"
  "port.outbound_l4 value": "c2f076736792b031"
  "prober.probe_fail.detail cap_per_window": "d09893a4e4227748"
  "prober.probe_fail.detail component": "2afde057893c1c61"
  "prober.probe_fail.detail fields conn_ms": "224f81f65ff2f885"
  "prober.probe_fail.detail fields connect_ms": "60af45e8432052c2"
  "prober.probe_fail.detail fields dial": "9400ca2d3625538a"
  "prober.probe_fail.detail fields dns_ms": "bbedb56f99818743"
  "prober.probe_fail.detail fields elapsed_ms": "3ca64664d9326eb4"
  "prober.probe_fail.detail fields err": "f2ddca58abc32007"
  "prober.probe_fail.detail fields local": "1b85955c277d66b3"
  "prober.probe_fail.detail fields n": "ede1ec00011cd313"
  "prober.probe_fail.detail fields node": "e7f6aaf132df7b43"
  "prober.probe_fail.detail fields phase": "92d7c0597d0ca3f7"
  "prober.probe_fail.detail fields pod": "4500b6e866f4e3b0"
  "prober.probe_fail.detail fields remote": "8abc8996ece92a2a"
  "prober.probe_fail.detail fields result": "6ea65ae7b27910d4"
  "prober.probe_fail.detail fields reused": "0cd54cf91bfaad77"
  "prober.probe_fail.detail fields t": "ff6af56726f214c4"
  "prober.probe_fail.detail fields target": "894971c4fd81228e"
  "prober.probe_fail.detail fields tier": "0a0c3fbc509e3bf3"
  "prober.probe_fail.detail fields tls_ms": "12a5a555d5894144"
  "prober.probe_fail.detail fields trace_id": "a850fa2acc9b34fa"
  "prober.probe_fail.detail fields truncated": "f28eadb587619bdd"
  "prober.probe_fail.detail fields ttfb_ms": "cadee1583493e841"
  "prober.probe_fail.detail fields write_ms": "40cc836da0bf77dc"
  "prober.probe_fail.detail marker": "0619cc95bd5f8193"
  "prober.probe_fail.detail window_seconds": "be0236ee484db931"
  "prober.probe_fail.summary component": "d0d86f1169d79d1c"
  "prober.probe_fail.summary fields node": "42ec2a33b4f5e0a9"
  "prober.probe_fail.summary fields pod": "e28fe3b03d508513"
  "prober.probe_fail.summary fields result": "0ee9016ce42f2acb"
  "prober.probe_fail.summary fields suppressed": "f0e5e2a461f28e73"
  "prober.probe_fail.summary fields t": "db53a2c34b2ab871"
  "prober.probe_fail.summary fields tier": "9344f7efc843c19a"
  "prober.probe_fail.summary fields window_s": "26e038924b27b0f8"
  "prober.probe_fail.summary fields window_start": "d79125327881087f"
  "prober.probe_fail.summary marker": "a519c75bf202cebc"
  "prober.probe_fail.summary window_seconds": "219274ed8224e791"
  "prober.probe_requests component": "8157a1b94fabfeab"
  "prober.probe_requests labels": "f5c4a75106dd1a44"
  "prober.probe_requests otel_name": "ca92b62e8416f7b5"
  "prober.probe_requests stored_name": "2135afde92135c19"
  "prober.probe_requests type": "f050067d72748238"
  "resource.node attribute": "aa216ec3fd1640a4"
  "resource.node components agent": "bf04cd747341a427"
  "resource.node components prober": "175baf7193a52d0f"
  "resource.service_name.prober attribute": "4f6b9c1c52afe37b"
  "resource.service_name.prober components prober": "fc6a8ae9cefcbd81"
  "resource.service_name.prober value": "1da20748c909cfff"
  "service.label.mesh_service value": "1b1f45f012bd256e"
